{
  "requires": true,
  "lockfileVersion": 1,
  "dependencies": {
    "svelte-mui": {
      "version": "0.3.3",
      "resolved": "https://registry.npmjs.org/svelte-mui/-/svelte-mui-0.3.3.tgz",
      "integrity": "sha512-3xERrIe27HQxiiV2Qaztcb3FG+gtqb4/JfWAa5CVzaUKPuXZBqx2f0EqdO4TWxcwKCu2eHzHrtfFaIP6ia6RSg==",
      "dev": true
    }
  }
}
